
Microsoft Visual Studio Solution File, Format Version 12.00
# Visual Studio Version 17
VisualStudioVersion = 17.11.35303.130
MinimumVisualStudioVersion = 10.0.40219.1
Project("{9A19103F-16F7-4668-BE54-9A1E7A4F7556}") = "ShoppingApp.Tests", "ShoppingApp.Tests\ShoppingApp.Tests.csproj", "{E52B2EDD-81B2-4D4B-BF99-1DBE55FF41A3}"
EndProject
Project("{9A19103F-16F7-4668-BE54-9A1E7A4F7556}") = "ShoppingApp.Wpf", "ShoppingApp.Wpf\ShoppingApp.Wpf.csproj", "{5CBDE19E-B8FF-48B8-8AA6-81552A91480A}"
EndProject
Project("{9A19103F-16F7-4668-BE54-9A1E7A4F7556}") = "ShoppingApp.Resources", "ShoppingApp.Resources\ShoppingApp.Resources.csproj", "{A205F928-91A4-47CC-AE45-2224E93FD48E}"
EndProject
Global
	GlobalSection(SolutionConfigurationPlatforms) = preSolution
		Debug|Any CPU = Debug|Any CPU
		Release|Any CPU = Release|Any CPU
	EndGlobalSection
	GlobalSection(ProjectConfigurationPlatforms) = postSolution
		{E52B2EDD-81B2-4D4B-BF99-1DBE55FF41A3}.Debug|Any CPU.ActiveCfg = Debug|Any CPU
		{E52B2EDD-81B2-4D4B-BF99-1DBE55FF41A3}.Debug|Any CPU.Build.0 = Debug|Any CPU
		{E52B2EDD-81B2-4D4B-BF99-1DBE55FF41A3}.Release|Any CPU.ActiveCfg = Release|Any CPU
		{E52B2EDD-81B2-4D4B-BF99-1DBE55FF41A3}.Release|Any CPU.Build.0 = Release|Any CPU
		{5CBDE19E-B8FF-48B8-8AA6-81552A91480A}.Debug|Any CPU.ActiveCfg = Debug|Any CPU
		{5CBDE19E-B8FF-48B8-8AA6-81552A91480A}.Debug|Any CPU.Build.0 = Debug|Any CPU
		{5CBDE19E-B8FF-48B8-8AA6-81552A91480A}.Release|Any CPU.ActiveCfg = Release|Any CPU
		{5CBDE19E-B8FF-48B8-8AA6-81552A91480A}.Release|Any CPU.Build.0 = Release|Any CPU
		{A205F928-91A4-47CC-AE45-2224E93FD48E}.Debug|Any CPU.ActiveCfg = Debug|Any CPU
		{A205F928-91A4-47CC-AE45-2224E93FD48E}.Debug|Any CPU.Build.0 = Debug|Any CPU
		{A205F928-91A4-47CC-AE45-2224E93FD48E}.Release|Any CPU.ActiveCfg = Release|Any CPU
		{A205F928-91A4-47CC-AE45-2224E93FD48E}.Release|Any CPU.Build.0 = Release|Any CPU
	EndGlobalSection
	GlobalSection(SolutionProperties) = preSolution
		HideSolutionNode = FALSE
	EndGlobalSection
	GlobalSection(ExtensibilityGlobals) = postSolution
		SolutionGuid = {C51C12FB-0760-411F-AF9E-8BEA7C7081F1}
	EndGlobalSection
EndGlobal
